
Microsoft Visual Studio Solution File, Format Version 12.00
# Visual Studio 14
VisualStudioVersion = 14.0.25420.1
MinimumVisualStudioVersion = 10.0.40219.1
Project("{FAE04EC0-301F-11D3-BF4B-00C04F79EFBC}") = "Nullable_33", "Nullable_33\Nullable_33.csproj", "{7BF02D27-E58E-4BE9-807E-35A0F6B92604}"
EndProject
Global
	GlobalSection(SolutionConfigurationPlatforms) = preSolution
		Debug|Any CPU = Debug|Any CPU
		Release|Any CPU = Release|Any CPU
	EndGlobalSection
	GlobalSection(ProjectConfigurationPlatforms) = postSolution
		{7BF02D27-E58E-4BE9-807E-35A0F6B92604}.Debug|Any CPU.ActiveCfg = Debug|Any CPU
		{7BF02D27-E58E-4BE9-807E-35A0F6B92604}.Debug|Any CPU.Build.0 = Debug|Any CPU
		{7BF02D27-E58E-4BE9-807E-35A0F6B92604}.Release|Any CPU.ActiveCfg = Release|Any CPU
		{7BF02D27-E58E-4BE9-807E-35A0F6B92604}.Release|Any CPU.Build.0 = Release|Any CPU
	EndGlobalSection
	GlobalSection(SolutionProperties) = preSolution
		HideSolutionNode = FALSE
	EndGlobalSection
EndGlobal
