
Microsoft Visual Studio Solution File, Format Version 12.00
# Visual Studio 14
VisualStudioVersion = 14.0.25420.1
MinimumVisualStudioVersion = 10.0.40219.1
Project("{FAE04EC0-301F-11D3-BF4B-00C04F79EFBC}") = "ClassDefine_18", "ClassDefine_18\ClassDefine_18.csproj", "{227EAD9F-1A08-4D4C-B5F7-73330878C709}"
EndProject
Global
	GlobalSection(SolutionConfigurationPlatforms) = preSolution
		Debug|Any CPU = Debug|Any CPU
		Release|Any CPU = Release|Any CPU
	EndGlobalSection
	GlobalSection(ProjectConfigurationPlatforms) = postSolution
		{227EAD9F-1A08-4D4C-B5F7-73330878C709}.Debug|Any CPU.ActiveCfg = Debug|Any CPU
		{227EAD9F-1A08-4D4C-B5F7-73330878C709}.Debug|Any CPU.Build.0 = Debug|Any CPU
		{227EAD9F-1A08-4D4C-B5F7-73330878C709}.Release|Any CPU.ActiveCfg = Release|Any CPU
		{227EAD9F-1A08-4D4C-B5F7-73330878C709}.Release|Any CPU.Build.0 = Release|Any CPU
	EndGlobalSection
	GlobalSection(SolutionProperties) = preSolution
		HideSolutionNode = FALSE
	EndGlobalSection
EndGlobal
