
Microsoft Visual Studio Solution File, Format Version 12.00
# Visual Studio 14
VisualStudioVersion = 14.0.25420.1
MinimumVisualStudioVersion = 10.0.40219.1
Project("{FAE04EC0-301F-11D3-BF4B-00C04F79EFBC}") = "TypeConvert_9", "TypeConvert_9\TypeConvert_9.csproj", "{4C709DD3-8D68-4EC9-BCDB-10462A35FECC}"
EndProject
Global
	GlobalSection(SolutionConfigurationPlatforms) = preSolution
		Debug|Any CPU = Debug|Any CPU
		Release|Any CPU = Release|Any CPU
	EndGlobalSection
	GlobalSection(ProjectConfigurationPlatforms) = postSolution
		{4C709DD3-8D68-4EC9-BCDB-10462A35FECC}.Debug|Any CPU.ActiveCfg = Debug|Any CPU
		{4C709DD3-8D68-4EC9-BCDB-10462A35FECC}.Debug|Any CPU.Build.0 = Debug|Any CPU
		{4C709DD3-8D68-4EC9-BCDB-10462A35FECC}.Release|Any CPU.ActiveCfg = Release|Any CPU
		{4C709DD3-8D68-4EC9-BCDB-10462A35FECC}.Release|Any CPU.Build.0 = Release|Any CPU
	EndGlobalSection
	GlobalSection(SolutionProperties) = preSolution
		HideSolutionNode = FALSE
	EndGlobalSection
EndGlobal
